
Microsoft Visual Studio Solution File, Format Version 12.00
# Visual Studio 15
VisualStudioVersion = 15.0.26730.0
MinimumVisualStudioVersion = 10.0.40219.1
Project("{FAE04EC0-301F-11D3-BF4B-00C04F79EFBC}") = "AnalyticHierarchyProcessDSS.Core", "AnalyticHierarchyProcessDSS.Core\AnalyticHierarchyProcessDSS.Core.csproj", "{5A777C9A-2382-4D5A-8D65-8BC7A6C9871F}"
EndProject
Project("{FAE04EC0-301F-11D3-BF4B-00C04F79EFBC}") = "AnalyticHierarchyProcessDSS.WolframEngine", "AnalyticHierarchyProcessDSS.MathEngine\AnalyticHierarchyProcessDSS.WolframEngine.csproj", "{6BE64520-ECE9-4244-A2C8-81AF55B0C344}"
EndProject
Project("{FAE04EC0-301F-11D3-BF4B-00C04F79EFBC}") = "AnalyticHierarchyProcessDSS.Entities", "AnalyticHierarchyProcessDSS.Entities\AnalyticHierarchyProcessDSS.Entities.csproj", "{066A266D-427A-4675-B553-CBA8204566FA}"
EndProject
Project("{FAE04EC0-301F-11D3-BF4B-00C04F79EFBC}") = "AnalyticHierarchyProcessDSS.Tests", "AnalyticHierarchyProcessDSS.Tests\AnalyticHierarchyProcessDSS.Tests.csproj", "{490480EF-3B22-4298-AC92-D42CE299A390}"
EndProject
Project("{FAE04EC0-301F-11D3-BF4B-00C04F79EFBC}") = "AnalyticHierarchyProcessDSS.TestUI", "AnalyticHierarchyProcessDSS.TestUI\AnalyticHierarchyProcessDSS.TestUI.csproj", "{398E4EE9-DB53-4090-95EE-28894824C4E6}"
EndProject
Project("{2150E333-8FDC-42A3-9474-1A3956D46DE8}") = "ExternalLibs", "ExternalLibs", "{F2453211-BF1C-4015-8726-95847742F87E}"
	ProjectSection(SolutionItems) = preProject
		ExternalLibs\Wolfram.NETLink.dll = ExternalLibs\Wolfram.NETLink.dll
	EndProjectSection
EndProject
Project("{9A19103F-16F7-4668-BE54-9A1E7A4F7556}") = "Decicive.Core", "src\Decicive.Core\Decicive.Core.csproj", "{B947DE3E-8685-4B69-84EB-864FCEEF3DA2}"
EndProject
Project("{9A19103F-16F7-4668-BE54-9A1E7A4F7556}") = "Decicive.Integration", "src\Decicive.Integration\Decicive.Integration.csproj", "{2A0E87FB-5D29-4C9E-AB37-E5A91C80E769}"
EndProject
Project("{2150E333-8FDC-42A3-9474-1A3956D46DE8}") = "src", "src", "{160DD285-3FB6-4E81-8F63-486E89EC9265}"
EndProject
Project("{2150E333-8FDC-42A3-9474-1A3956D46DE8}") = "test", "test", "{F7F7D038-D1CF-4F40-AE7A-DFE39D566E2B}"
EndProject
Project("{FAE04EC0-301F-11D3-BF4B-00C04F79EFBC}") = "Decicive.Tests", "test\Decicive.Tests\Decicive.Tests.csproj", "{01E41EDD-7D13-4BB8-A110-BA39B9DE6813}"
EndProject
Global
	GlobalSection(SolutionConfigurationPlatforms) = preSolution
		Debug|Any CPU = Debug|Any CPU
		Release|Any CPU = Release|Any CPU
	EndGlobalSection
	GlobalSection(ProjectConfigurationPlatforms) = postSolution
		{5A777C9A-2382-4D5A-8D65-8BC7A6C9871F}.Debug|Any CPU.ActiveCfg = Debug|Any CPU
		{5A777C9A-2382-4D5A-8D65-8BC7A6C9871F}.Debug|Any CPU.Build.0 = Debug|Any CPU
		{5A777C9A-2382-4D5A-8D65-8BC7A6C9871F}.Release|Any CPU.ActiveCfg = Release|Any CPU
		{5A777C9A-2382-4D5A-8D65-8BC7A6C9871F}.Release|Any CPU.Build.0 = Release|Any CPU
		{6BE64520-ECE9-4244-A2C8-81AF55B0C344}.Debug|Any CPU.ActiveCfg = Debug|Any CPU
		{6BE64520-ECE9-4244-A2C8-81AF55B0C344}.Debug|Any CPU.Build.0 = Debug|Any CPU
		{6BE64520-ECE9-4244-A2C8-81AF55B0C344}.Release|Any CPU.ActiveCfg = Release|Any CPU
		{6BE64520-ECE9-4244-A2C8-81AF55B0C344}.Release|Any CPU.Build.0 = Release|Any CPU
		{066A266D-427A-4675-B553-CBA8204566FA}.Debug|Any CPU.ActiveCfg = Debug|Any CPU
		{066A266D-427A-4675-B553-CBA8204566FA}.Debug|Any CPU.Build.0 = Debug|Any CPU
		{066A266D-427A-4675-B553-CBA8204566FA}.Release|Any CPU.ActiveCfg = Release|Any CPU
		{066A266D-427A-4675-B553-CBA8204566FA}.Release|Any CPU.Build.0 = Release|Any CPU
		{490480EF-3B22-4298-AC92-D42CE299A390}.Debug|Any CPU.ActiveCfg = Debug|Any CPU
		{490480EF-3B22-4298-AC92-D42CE299A390}.Debug|Any CPU.Build.0 = Debug|Any CPU
		{490480EF-3B22-4298-AC92-D42CE299A390}.Release|Any CPU.ActiveCfg = Release|Any CPU
		{490480EF-3B22-4298-AC92-D42CE299A390}.Release|Any CPU.Build.0 = Release|Any CPU
		{398E4EE9-DB53-4090-95EE-28894824C4E6}.Debug|Any CPU.ActiveCfg = Debug|Any CPU
		{398E4EE9-DB53-4090-95EE-28894824C4E6}.Debug|Any CPU.Build.0 = Debug|Any CPU
		{398E4EE9-DB53-4090-95EE-28894824C4E6}.Release|Any CPU.ActiveCfg = Release|Any CPU
		{398E4EE9-DB53-4090-95EE-28894824C4E6}.Release|Any CPU.Build.0 = Release|Any CPU
		{B947DE3E-8685-4B69-84EB-864FCEEF3DA2}.Debug|Any CPU.ActiveCfg = Debug|Any CPU
		{B947DE3E-8685-4B69-84EB-864FCEEF3DA2}.Debug|Any CPU.Build.0 = Debug|Any CPU
		{B947DE3E-8685-4B69-84EB-864FCEEF3DA2}.Release|Any CPU.ActiveCfg = Release|Any CPU
		{B947DE3E-8685-4B69-84EB-864FCEEF3DA2}.Release|Any CPU.Build.0 = Release|Any CPU
		{2A0E87FB-5D29-4C9E-AB37-E5A91C80E769}.Debug|Any CPU.ActiveCfg = Debug|Any CPU
		{2A0E87FB-5D29-4C9E-AB37-E5A91C80E769}.Debug|Any CPU.Build.0 = Debug|Any CPU
		{2A0E87FB-5D29-4C9E-AB37-E5A91C80E769}.Release|Any CPU.ActiveCfg = Release|Any CPU
		{2A0E87FB-5D29-4C9E-AB37-E5A91C80E769}.Release|Any CPU.Build.0 = Release|Any CPU
		{01E41EDD-7D13-4BB8-A110-BA39B9DE6813}.Debug|Any CPU.ActiveCfg = Debug|Any CPU
		{01E41EDD-7D13-4BB8-A110-BA39B9DE6813}.Debug|Any CPU.Build.0 = Debug|Any CPU
		{01E41EDD-7D13-4BB8-A110-BA39B9DE6813}.Release|Any CPU.ActiveCfg = Release|Any CPU
		{01E41EDD-7D13-4BB8-A110-BA39B9DE6813}.Release|Any CPU.Build.0 = Release|Any CPU
	EndGlobalSection
	GlobalSection(SolutionProperties) = preSolution
		HideSolutionNode = FALSE
	EndGlobalSection
	GlobalSection(NestedProjects) = preSolution
		{B947DE3E-8685-4B69-84EB-864FCEEF3DA2} = {160DD285-3FB6-4E81-8F63-486E89EC9265}
		{2A0E87FB-5D29-4C9E-AB37-E5A91C80E769} = {160DD285-3FB6-4E81-8F63-486E89EC9265}
		{01E41EDD-7D13-4BB8-A110-BA39B9DE6813} = {F7F7D038-D1CF-4F40-AE7A-DFE39D566E2B}
	EndGlobalSection
	GlobalSection(ExtensibilityGlobals) = postSolution
		SolutionGuid = {1479409F-5912-46A4-8013-F21294E24D80}
	EndGlobalSection
EndGlobal
